{
  "name": "@pokertrainer/engine",
  "version": "1.0.0",
  "lockfileVersion": 3,
  "requires": true,
  "packages": {
    "": {
      "name": "@pokertrainer/engine",
      "version": "1.0.0",
      "license": "MIT",
      "peerDependencies": {
        "react": ">=18.0.0"
      },
      "peerDependenciesMeta": {
        "react": {
          "optional": true
        }
      }
    }
  }
}
